github.com/FortAwesome/Font-Awesome v0.0.0-20230327165841-0698449d50f2/go.mod h1:IUgezN/MFpCDIlFezw3L8j83oeiIuYoj28Miwr/KUYo=
github.com/google/docsy v0.7.1 h1:DUriA7Nr3lJjNi9Ulev1SfiG1sUYmvyDeU4nTp7uDxY=
github.com/google/docsy v0.7.1/go.mod h1:JCmE+c+izhE0Rvzv3y+AzHhz1KdwlA9Oj5YBMklJcfc=
github.com/google/docsy/dependencies v0.7.1 h1:NbzYKJYMin2q50xdWSUzR2c9gCp7zR/XHDBcxklEcTQ=
github.com/google/docsy/dependencies v0.7.1/go.mod h1:gihhs5gmgeO+wuoay4FwOzob+jYJVyQbNaQOh788lD4=
github.com/hairyhenderson/go-codeowners v0.3.1-0.20230710165731-859d0d06aff1 h1:8Ut0G51F9MIb22qw7COD1ahiJEnnlx03nRzGb9S/zZs=
github.com/hairyhenderson/go-codeowners v0.3.1-0.20230710165731-859d0d06aff1/go.mod h1:iJgZeCt+W/GzXo5uchFCqvVHZY2T4TAIpvuVlKVkLxc=
github.com/twbs/bootstrap v5.2.3+incompatible/go.mod h1:fZTSrkpSf0/HkL0IIJzvVspTt1r9zuf7XlZau8kpcY0=
gitlab.com/gitlab-com/content-sites/docsy-gitlab v0.2.6 h1:8o+NaSDy0o7SqtDXLB55DIsRc5xZ6ROUAILpiakIK5I=
gitlab.com/gitlab-com/content-sites/docsy-gitlab v0.2.6/go.mod h1:XSbeHClNun1w/mhjfsLDl0OMSEUtib6dC4Jq3ot8UKQ=
gitlab.com/gitlab-com/content-sites/docsy-gitlab v0.2.7 h1:rawMI0l095k96PGSDOwDfBxEIBJAN4NuVqtPqJGCHCg=
gitlab.com/gitlab-com/content-sites/docsy-gitlab v0.2.7/go.mod h1:XSbeHClNun1w/mhjfsLDl0OMSEUtib6dC4Jq3ot8UKQ=
gitlab.com/gitlab-com/content-sites/docsy-gitlab v0.2.8 h1:mhncSGeKo2Zgzei7AF2dT/eblvmLzj2Micg1TZYLRlc=
gitlab.com/gitlab-com/content-sites/docsy-gitlab v0.2.8/go.mod h1:XSbeHClNun1w/mhjfsLDl0OMSEUtib6dC4Jq3ot8UKQ=
gitlab.com/gitlab-com/content-sites/docsy-gitlab v0.2.9 h1:5ggJx6WoP53DyiOG4VABeIz3xqWd9rWopU/s/o2yiUU=
gitlab.com/gitlab-com/content-sites/docsy-gitlab v0.2.9/go.mod h1:XSbeHClNun1w/mhjfsLDl0OMSEUtib6dC4Jq3ot8UKQ=
gitlab.com/gitlab-com/content-sites/docsy-gitlab v0.2.10 h1:jGVwL9RiRrny2VmKetdMU8TpYlYpkpwlr/tmbtETTRA=
gitlab.com/gitlab-com/content-sites/docsy-gitlab v0.2.10/go.mod h1:XSbeHClNun1w/mhjfsLDl0OMSEUtib6dC4Jq3ot8UKQ=
