github.com/FortAwesome/Font-Awesome v0.0.0-20230327165841-0698449d50f2/go.mod h1:IUgezN/MFpCDIlFezw3L8j83oeiIuYoj28Miwr/KUYo=
github.com/google/docsy v0.7.0 h1:JaeZ0/KufX/BJ3SyATb/fmZa1DFI7o5d9KU+i6+lLJY=
github.com/google/docsy v0.7.0/go.mod h1:5WhIFchr5BfH6agjcInhpLRz7U7map0bcmKSpcrg6BE=
github.com/google/docsy v0.7.1 h1:DUriA7Nr3lJjNi9Ulev1SfiG1sUYmvyDeU4nTp7uDxY=
github.com/google/docsy v0.7.1/go.mod h1:JCmE+c+izhE0Rvzv3y+AzHhz1KdwlA9Oj5YBMklJcfc=
github.com/google/docsy/dependencies v0.7.0 h1:/xUlWCZOSMDubHfrhIz1YtaRn2Oc/swfJ7OUfglXE8U=
github.com/google/docsy/dependencies v0.7.0/go.mod h1:gihhs5gmgeO+wuoay4FwOzob+jYJVyQbNaQOh788lD4=
github.com/google/docsy/dependencies v0.7.1 h1:NbzYKJYMin2q50xdWSUzR2c9gCp7zR/XHDBcxklEcTQ=
github.com/google/docsy/dependencies v0.7.1/go.mod h1:gihhs5gmgeO+wuoay4FwOzob+jYJVyQbNaQOh788lD4=
github.com/hairyhenderson/go-codeowners v0.3.0 h1:StTUwFO+E6gaAcsAx8h6Pgc88OO0oC95mTyRC0S9LPw=
github.com/hairyhenderson/go-codeowners v0.3.0/go.mod h1:sbmEivkk3c2tqw05ch4AVtpnOb4un1CQTJ6rtGfODJE=
github.com/hairyhenderson/go-codeowners v0.3.1-0.20230710165731-859d0d06aff1 h1:8Ut0G51F9MIb22qw7COD1ahiJEnnlx03nRzGb9S/zZs=
github.com/hairyhenderson/go-codeowners v0.3.1-0.20230710165731-859d0d06aff1/go.mod h1:iJgZeCt+W/GzXo5uchFCqvVHZY2T4TAIpvuVlKVkLxc=
github.com/twbs/bootstrap v5.2.3+incompatible/go.mod h1:fZTSrkpSf0/HkL0IIJzvVspTt1r9zuf7XlZau8kpcY0=
gitlab.com/gitlab-com/content-sites/docsy-gitlab v0.1.1 h1:D+MVKCxVKQh5KRVBiXxkbN/NbzwdVrAyje+6P44AN7I=
gitlab.com/gitlab-com/content-sites/docsy-gitlab v0.1.1/go.mod h1:XSbeHClNun1w/mhjfsLDl0OMSEUtib6dC4Jq3ot8UKQ=
gitlab.com/gitlab-com/content-sites/docsy-gitlab v0.1.2 h1:AdZpsZBHffa1ziErFMKVkyXGAt/PD7J/Fxsl0IhUmNw=
gitlab.com/gitlab-com/content-sites/docsy-gitlab v0.1.2/go.mod h1:XSbeHClNun1w/mhjfsLDl0OMSEUtib6dC4Jq3ot8UKQ=
gitlab.com/gitlab-com/content-sites/docsy-gitlab v0.1.6 h1:VUk9TFnhZ7y5A8HWkYWGPk/L58nskbMmDc7suyayJWk=
gitlab.com/gitlab-com/content-sites/docsy-gitlab v0.1.6/go.mod h1:XSbeHClNun1w/mhjfsLDl0OMSEUtib6dC4Jq3ot8UKQ=
gitlab.com/gitlab-com/content-sites/docsy-gitlab v0.2.0 h1:s5iu9OZM0jnXOp9aaxF8MUKsrTfosrMldBddi/iIMrE=
gitlab.com/gitlab-com/content-sites/docsy-gitlab v0.2.0/go.mod h1:XSbeHClNun1w/mhjfsLDl0OMSEUtib6dC4Jq3ot8UKQ=
gitlab.com/gitlab-com/content-sites/docsy-gitlab v0.2.1 h1:ex91jWmVwvycwWrWKx+kNNWKxii0KxCCLNAkvHFOerM=
gitlab.com/gitlab-com/content-sites/docsy-gitlab v0.2.1/go.mod h1:XSbeHClNun1w/mhjfsLDl0OMSEUtib6dC4Jq3ot8UKQ=
gitlab.com/gitlab-com/content-sites/docsy-gitlab v0.2.2 h1:z4jXCg/9WaapSwmMK3CGCY6oFfe6b9yY/pz4GZC2we4=
gitlab.com/gitlab-com/content-sites/docsy-gitlab v0.2.2/go.mod h1:XSbeHClNun1w/mhjfsLDl0OMSEUtib6dC4Jq3ot8UKQ=
gitlab.com/gitlab-com/content-sites/docsy-gitlab v0.2.5 h1:DYb+4hBLnvxUH8rdFMfta+aPSFNrxXbLo0eD0hzWQ9Q=
gitlab.com/gitlab-com/content-sites/docsy-gitlab v0.2.5/go.mod h1:XSbeHClNun1w/mhjfsLDl0OMSEUtib6dC4Jq3ot8UKQ=
